
Microsoft Visual Studio Solution File, Format Version 12.00
# Visual Studio Version 17
VisualStudioVersion = 17.4.33122.133
MinimumVisualStudioVersion = 10.0.40219.1
Project("{FAE04EC0-301F-11D3-BF4B-00C04F79EFBC}") = "BindTextFileToGrid", "BindTextFileToGrid\BindTextFileToGrid.csproj", "{1E28FB14-CBC1-4132-BD09-35CEC5ACBA7D}"
EndProject
Global
	GlobalSection(SolutionConfigurationPlatforms) = preSolution
		Debug|Any CPU = Debug|Any CPU
		Release|Any CPU = Release|Any CPU
	EndGlobalSection
	GlobalSection(ProjectConfigurationPlatforms) = postSolution
		{1E28FB14-CBC1-4132-BD09-35CEC5ACBA7D}.Debug|Any CPU.ActiveCfg = Debug|Any CPU
		{1E28FB14-CBC1-4132-BD09-35CEC5ACBA7D}.Debug|Any CPU.Build.0 = Debug|Any CPU
		{1E28FB14-CBC1-4132-BD09-35CEC5ACBA7D}.Release|Any CPU.ActiveCfg = Release|Any CPU
		{1E28FB14-CBC1-4132-BD09-35CEC5ACBA7D}.Release|Any CPU.Build.0 = Release|Any CPU
	EndGlobalSection
	GlobalSection(SolutionProperties) = preSolution
		HideSolutionNode = FALSE
	EndGlobalSection
	GlobalSection(ExtensibilityGlobals) = postSolution
		SolutionGuid = {09D917E0-5972-4A19-BA8D-9348DFFA17CA}
	EndGlobalSection
EndGlobal
